// !$*UTF8*$!
{
	archiveVersion = 1;
	classes = {
	};
	objectVersion = 50;
	objects = {

/* Begin PBXBuildFile section */
		021CD71C2285F85A00D71EFD /* TabViewController.swift in Sources */ = {isa = PBXBuildFile; fileRef = 021CD71B2285F85A00D71EFD /* TabViewController.swift */; };
		023F7B3F227BD4DA00C11B0C /* MapViewController.swift in Sources */ = {isa = PBXBuildFile; fileRef = 023F7B3E227BD4DA00C11B0C /* MapViewController.swift */; };
		0281FB5E2286300600FC20AB /* ListCell.swift in Sources */ = {isa = PBXBuildFile; fileRef = 0281FB5D2286300600FC20AB /* ListCell.swift */; };
		02AF52282283A3A4005C8127 /* Json.swift in Sources */ = {isa = PBXBuildFile; fileRef = 02AF52272283A3A4005C8127 /* Json.swift */; };
		02E33673227A700E00647038 /* AppDelegate.swift in Sources */ = {isa = PBXBuildFile; fileRef = 02E33672227A700E00647038 /* AppDelegate.swift */; };
		02E33675227A700E00647038 /* ViewController.swift in Sources */ = {isa = PBXBuildFile; fileRef = 02E33674227A700E00647038 /* ViewController.swift */; };
		02E33678227A700E00647038 /* Main.storyboard in Resources */ = {isa = PBXBuildFile; fileRef = 02E33676227A700E00647038 /* Main.storyboard */; };
		02E3367D227A700F00647038 /* LaunchScreen.storyboard in Resources */ = {isa = PBXBuildFile; fileRef = 02E3367B227A700F00647038 /* LaunchScreen.storyboard */; };
		02E33684227A753100647038 /* Assets.xcassets in Resources */ = {isa = PBXBuildFile; fileRef = 02E33679227A700F00647038 /* Assets.xcassets */; };
		02EF8013227BD2EE00A377EE /* ListViewController.swift in Sources */ = {isa = PBXBuildFile; fileRef = 02EF8012227BD2EE00A377EE /* ListViewController.swift */; };
		02FCD5A12285D21C009EA71F /* NewLocViewController.swift in Sources */ = {isa = PBXBuildFile; fileRef = 02FCD5A02285D21C009EA71F /* NewLocViewController.swift */; };
/* End PBXBuildFile section */

/* Begin PBXFileReference section */
		021CD71B2285F85A00D71EFD /* TabViewController.swift */ = {isa = PBXFileReference; lastKnownFileType = sourcecode.swift; path = TabViewController.swift; sourceTree = "<group>"; };
		023F7B3E227BD4DA00C11B0C /* MapViewController.swift */ = {isa = PBXFileReference; lastKnownFileType = sourcecode.swift; path = MapViewController.swift; sourceTree = "<group>"; };
		0281FB5D2286300600FC20AB /* ListCell.swift */ = {isa = PBXFileReference; lastKnownFileType = sourcecode.swift; path = ListCell.swift; sourceTree = "<group>"; };
		02AF52272283A3A4005C8127 /* Json.swift */ = {isa = PBXFileReference; lastKnownFileType = sourcecode.swift; path = Json.swift; sourceTree = "<group>"; };
		02E3366F227A700D00647038 /* OnTheMap.app */ = {isa = PBXFileReference; explicitFileType = wrapper.application; includeInIndex = 0; path = OnTheMap.app; sourceTree = BUILT_PRODUCTS_DIR; };
		02E33672227A700E00647038 /* AppDelegate.swift */ = {isa = PBXFileReference; lastKnownFileType = sourcecode.swift; path = AppDelegate.swift; sourceTree = "<group>"; };
		02E33674227A700E00647038 /* ViewController.swift */ = {isa = PBXFileReference; lastKnownFileType = sourcecode.swift; path = ViewController.swift; sourceTree = "<group>"; };
		02E33677227A700E00647038 /* Base */ = {isa = PBXFileReference; lastKnownFileType = file.storyboard; name = Base; path = Base.lproj/Main.storyboard; sourceTree = "<group>"; };
		02E33679227A700F00647038 /* Assets.xcassets */ = {isa = PBXFileReference; lastKnownFileType = folder.assetcatalog; path = Assets.xcassets; sourceTree = "<group>"; };
		02E3367C227A700F00647038 /* Base */ = {isa = PBXFileReference; lastKnownFileType = file.storyboard; name = Base; path = Base.lproj/LaunchScreen.storyboard; sourceTree = "<group>"; };
		02E3367E227A700F00647038 /* Info.plist */ = {isa = PBXFileReference; lastKnownFileType = text.plist.xml; path = Info.plist; sourceTree = "<group>"; };
		02EF8012227BD2EE00A377EE /* ListViewController.swift */ = {isa = PBXFileReference; lastKnownFileType = sourcecode.swift; path = ListViewController.swift; sourceTree = "<group>"; };
		02FCD5A02285D21C009EA71F /* NewLocViewController.swift */ = {isa = PBXFileReference; lastKnownFileType = sourcecode.swift; path = NewLocViewController.swift; sourceTree = "<group>"; };
/* End PBXFileReference section */

/* Begin PBXFrameworksBuildPhase section */
		02E3366C227A700D00647038 /* Frameworks */ = {
			isa = PBXFrameworksBuildPhase;
			buildActionMask = 2147483647;
			files = (
			);
			runOnlyForDeploymentPostprocessing = 0;
		};
/* End PBXFrameworksBuildPhase section */

/* Begin PBXGroup section */
		024C7418227BD6D000B92993 /* View Controllers */ = {
			isa = PBXGroup;
			children = (
				02E33674227A700E00647038 /* ViewController.swift */,
				02EF8012227BD2EE00A377EE /* ListViewController.swift */,
				023F7B3E227BD4DA00C11B0C /* MapViewController.swift */,
				021CD71B2285F85A00D71EFD /* TabViewController.swift */,
				02FCD5A02285D21C009EA71F /* NewLocViewController.swift */,
			);
			path = "View Controllers";
			sourceTree = "<group>";
		};
		02AF52292283B880005C8127 /* Other */ = {
			isa = PBXGroup;
			children = (
				02AF52272283A3A4005C8127 /* Json.swift */,
				0281FB5D2286300600FC20AB /* ListCell.swift */,
			);
			path = Other;
			sourceTree = "<group>";
		};
		02E33666227A700D00647038 = {
			isa = PBXGroup;
			children = (
				02E33671227A700E00647038 /* OnTheMap */,
				02E33670227A700E00647038 /* Products */,
			);
			sourceTree = "<group>";
		};
		02E33670227A700E00647038 /* Products */ = {
			isa = PBXGroup;
			children = (
				02E3366F227A700D00647038 /* OnTheMap.app */,
			);
			name = Products;
			sourceTree = "<group>";
		};
		02E33671227A700E00647038 /* OnTheMap */ = {
			isa = PBXGroup;
			children = (
				02E3367B227A700F00647038 /* LaunchScreen.storyboard */,
				02E33676227A700E00647038 /* Main.storyboard */,
				02E33672227A700E00647038 /* AppDelegate.swift */,
				02E3367E227A700F00647038 /* Info.plist */,
				02E33679227A700F00647038 /* Assets.xcassets */,
				024C7418227BD6D000B92993 /* View Controllers */,
				02AF52292283B880005C8127 /* Other */,
			);
			path = OnTheMap;
			sourceTree = "<group>";
		};
/* End PBXGroup section */

/* Begin PBXNativeTarget section */
		02E3366E227A700D00647038 /* OnTheMap */ = {
			isa = PBXNativeTarget;
			buildConfigurationList = 02E33681227A700F00647038 /* Build configuration list for PBXNativeTarget "OnTheMap" */;
			buildPhases = (
				02E3366B227A700D00647038 /* Sources */,
				02E3366C227A700D00647038 /* Frameworks */,
				02E3366D227A700D00647038 /* Resources */,
			);
			buildRules = (
			);
			dependencies = (
			);
			name = OnTheMap;
			productName = OnTheMap;
			productReference = 02E3366F227A700D00647038 /* OnTheMap.app */;
			productType = "com.apple.product-type.application";
		};
/* End PBXNativeTarget section */

/* Begin PBXProject section */
		02E33667227A700D00647038 /* Project object */ = {
			isa = PBXProject;
			attributes = {
				LastSwiftUpdateCheck = 1010;
				LastUpgradeCheck = 1010;
				ORGANIZATIONNAME = TAPS;
				TargetAttributes = {
					02E3366E227A700D00647038 = {
						CreatedOnToolsVersion = 10.1;
					};
				};
			};
			buildConfigurationList = 02E3366A227A700D00647038 /* Build configuration list for PBXProject "OnTheMap" */;
			compatibilityVersion = "Xcode 9.3";
			developmentRegion = en;
			hasScannedForEncodings = 0;
			knownRegions = (
				en,
				Base,
			);
			mainGroup = 02E33666227A700D00647038;
			productRefGroup = 02E33670227A700E00647038 /* Products */;
			projectDirPath = "";
			projectRoot = "";
			targets = (
				02E3366E227A700D00647038 /* OnTheMap */,
			);
		};
/* End PBXProject section */

/* Begin PBXResourcesBuildPhase section */
		02E3366D227A700D00647038 /* Resources */ = {
			isa = PBXResourcesBuildPhase;
			buildActionMask = 2147483647;
			files = (
				02E3367D227A700F00647038 /* LaunchScreen.storyboard in Resources */,
				02E33684227A753100647038 /* Assets.xcassets in Resources */,
				02E33678227A700E00647038 /* Main.storyboard in Resources */,
			);
			runOnlyForDeploymentPostprocessing = 0;
		};
/* End PBXResourcesBuildPhase section */

/* Begin PBXSourcesBuildPhase section */
		02E3366B227A700D00647038 /* Sources */ = {
			isa = PBXSourcesBuildPhase;
			buildActionMask = 2147483647;
			files = (
				02AF52282283A3A4005C8127 /* Json.swift in Sources */,
				02FCD5A12285D21C009EA71F /* NewLocViewController.swift in Sources */,
				02E33675227A700E00647038 /* ViewController.swift in Sources */,
				02E33673227A700E00647038 /* AppDelegate.swift in Sources */,
				02EF8013227BD2EE00A377EE /* ListViewController.swift in Sources */,
				0281FB5E2286300600FC20AB /* ListCell.swift in Sources */,
				021CD71C2285F85A00D71EFD /* TabViewController.swift in Sources */,
				023F7B3F227BD4DA00C11B0C /* MapViewController.swift in Sources */,
			);
			runOnlyForDeploymentPostprocessing = 0;
		};
/* End PBXSourcesBuildPhase section */

/* Begin PBXVariantGroup section */
		02E33676227A700E00647038 /* Main.storyboard */ = {
			isa = PBXVariantGroup;
			children = (
				02E33677227A700E00647038 /* Base */,
			);
			name = Main.storyboard;
			sourceTree = "<group>";
		};
		02E3367B227A700F00647038 /* LaunchScreen.storyboard */ = {
			isa = PBXVariantGroup;
			children = (
				02E3367C227A700F00647038 /* Base */,
			);
			name = LaunchScreen.storyboard;
			sourceTree = "<group>";
		};
/* End PBXVariantGroup section */

/* Begin XCBuildConfiguration section */
		02E3367F227A700F00647038 /* Debug */ = {
			isa = XCBuildConfiguration;
			buildSettings = {
				ALWAYS_SEARCH_USER_PATHS = NO;
				CLANG_ANALYZER_NONNULL = YES;
				CLANG_ANALYZER_NUMBER_OBJECT_CONVERSION = YES_AGGRESSIVE;
				CLANG_CXX_LANGUAGE_STANDARD = "gnu++14";
				CLANG_CXX_LIBRARY = "libc++";
				CLANG_ENABLE_MODULES = YES;
				CLANG_ENABLE_OBJC_ARC = YES;
				CLANG_ENABLE_OBJC_WEAK = YES;
				CLANG_WARN_BLOCK_CAPTURE_AUTORELEASING = YES;
				CLANG_WARN_BOOL_CONVERSION = YES;
				CLANG_WARN_COMMA = YES;
				CLANG_WARN_CONSTANT_CONVERSION = YES;
				CLANG_WARN_DEPRECATED_OBJC_IMPLEMENTATIONS = YES;
				CLANG_WARN_DIRECT_OBJC_ISA_USAGE = YES_ERROR;
				CLANG_WARN_DOCUMENTATION_COMMENTS = YES;
				CLANG_WARN_EMPTY_BODY = YES;
				CLANG_WARN_ENUM_CONVERSION = YES;
				CLANG_WARN_INFINITE_RECURSION = YES;
				CLANG_WARN_INT_CONVERSION = YES;
				CLANG_WARN_NON_LITERAL_NULL_CONVERSION = YES;
				CLANG_WARN_OBJC_IMPLICIT_RETAIN_SELF = YES;
				CLANG_WARN_OBJC_LITERAL_CONVERSION = YES;
				CLANG_WARN_OBJC_ROOT_CLASS = YES_ERROR;
				CLANG_WARN_RANGE_LOOP_ANALYSIS = YES;
				CLANG_WARN_STRICT_PROTOTYPES = YES;
				CLANG_WARN_SUSPICIOUS_MOVE = YES;
				CLANG_WARN_UNGUARDED_AVAILABILITY = YES_AGGRESSIVE;
				CLANG_WARN_UNREACHABLE_CODE = YES;
				CLANG_WARN__DUPLICATE_METHOD_MATCH = YES;
				CODE_SIGN_IDENTITY = "iPhone Developer";
				COPY_PHASE_STRIP = NO;
				DEBUG_INFORMATION_FORMAT = dwarf;
				ENABLE_STRICT_OBJC_MSGSEND = YES;
				ENABLE_TESTABILITY = YES;
				GCC_C_LANGUAGE_STANDARD = gnu11;
				GCC_DYNAMIC_NO_PIC = NO;
				GCC_NO_COMMON_BLOCKS = YES;
				GCC_OPTIMIZATION_LEVEL = 0;
				GCC_PREPROCESSOR_DEFINITIONS = (
					"DEBUG=1",
					"$(inherited)",
				);
				GCC_WARN_64_TO_32_BIT_CONVERSION = YES;
				GCC_WARN_ABOUT_RETURN_TYPE = YES_ERROR;
				GCC_WARN_UNDECLARED_SELECTOR = YES;
				GCC_WARN_UNINITIALIZED_AUTOS = YES_AGGRESSIVE;
				GCC_WARN_UNUSED_FUNCTION = YES;
				GCC_WARN_UNUSED_VARIABLE = YES;
				IPHONEOS_DEPLOYMENT_TARGET = 12.1;
				MTL_ENABLE_DEBUG_INFO = INCLUDE_SOURCE;
				MTL_FAST_MATH = YES;
				ONLY_ACTIVE_ARCH = YES;
				SDKROOT = iphoneos;
				SWIFT_ACTIVE_COMPILATION_CONDITIONS = DEBUG;
				SWIFT_OPTIMIZATION_LEVEL = "-Onone";
			};
			name = Debug;
		};
		02E33680227A700F00647038 /* Release */ = {
			isa = XCBuildConfiguration;
			buildSettings = {
				ALWAYS_SEARCH_USER_PATHS = NO;
				CLANG_ANALYZER_NONNULL = YES;
				CLANG_ANALYZER_NUMBER_OBJECT_CONVERSION = YES_AGGRESSIVE;
				CLANG_CXX_LANGUAGE_STANDARD = "gnu++14";
				CLANG_CXX_LIBRARY = "libc++";
				CLANG_ENABLE_MODULES = YES;
				CLANG_ENABLE_OBJC_ARC = YES;
				CLANG_ENABLE_OBJC_WEAK = YES;
				CLANG_WARN_BLOCK_CAPTURE_AUTORELEASING = YES;
				CLANG_WARN_BOOL_CONVERSION = YES;
				CLANG_WARN_COMMA = YES;
				CLANG_WARN_CONSTANT_CONVERSION = YES;
				CLANG_WARN_DEPRECATED_OBJC_IMPLEMENTATIONS = YES;
				CLANG_WARN_DIRECT_OBJC_ISA_USAGE = YES_ERROR;
				CLANG_WARN_DOCUMENTATION_COMMENTS = YES;
				CLANG_WARN_EMPTY_BODY = YES;
				CLANG_WARN_ENUM_CONVERSION = YES;
				CLANG_WARN_INFINITE_RECURSION = YES;
				CLANG_WARN_INT_CONVERSION = YES;
				CLANG_WARN_NON_LITERAL_NULL_CONVERSION = YES;
				CLANG_WARN_OBJC_IMPLICIT_RETAIN_SELF = YES;
				CLANG_WARN_OBJC_LITERAL_CONVERSION = YES;
				CLANG_WARN_OBJC_ROOT_CLASS = YES_ERROR;
				CLANG_WARN_RANGE_LOOP_ANALYSIS = YES;
				CLANG_WARN_STRICT_PROTOTYPES = YES;
				CLANG_WARN_SUSPICIOUS_MOVE = YES;
				CLANG_WARN_UNGUARDED_AVAILABILITY = YES_AGGRESSIVE;
				CLANG_WARN_UNREACHABLE_CODE = YES;
				CLANG_WARN__DUPLICATE_METHOD_MATCH = YES;
				CODE_SIGN_IDENTITY = "iPhone Developer";
				COPY_PHASE_STRIP = NO;
				DEBUG_INFORMATION_FORMAT = "dwarf-with-dsym";
				ENABLE_NS_ASSERTIONS = NO;
				ENABLE_STRICT_OBJC_MSGSEND = YES;
				GCC_C_LANGUAGE_STANDARD = gnu11;
				GCC_NO_COMMON_BLOCKS = YES;
				GCC_WARN_64_TO_32_BIT_CONVERSION = YES;
				GCC_WARN_ABOUT_RETURN_TYPE = YES_ERROR;
				GCC_WARN_UNDECLARED_SELECTOR = YES;
				GCC_WARN_UNINITIALIZED_AUTOS = YES_AGGRESSIVE;
				GCC_WARN_UNUSED_FUNCTION = YES;
				GCC_WARN_UNUSED_VARIABLE = YES;
				IPHONEOS_DEPLOYMENT_TARGET = 12.1;
				MTL_ENABLE_DEBUG_INFO = NO;
				MTL_FAST_MATH = YES;
				SDKROOT = iphoneos;
				SWIFT_COMPILATION_MODE = wholemodule;
				SWIFT_OPTIMIZATION_LEVEL = "-O";
				VALIDATE_PRODUCT = YES;
			};
			name = Release;
		};
		02E33682227A700F00647038 /* Debug */ = {
			isa = XCBuildConfiguration;
			buildSettings = {
				ASSETCATALOG_COMPILER_APPICON_NAME = AppIcon;
				CODE_SIGN_STYLE = Automatic;
				DEVELOPMENT_TEAM = 9AAT6U7SLN;
				INFOPLIST_FILE = OnTheMap/Info.plist;
				LD_RUNPATH_SEARCH_PATHS = (
					"$(inherited)",
					"@executable_path/Frameworks",
				);
				PRODUCT_BUNDLE_IDENTIFIER = com.TAPS.OnTheMap;
				PRODUCT_NAME = "$(TARGET_NAME)";
				SWIFT_VERSION = 4.2;
				TARGETED_DEVICE_FAMILY = "1,2";
			};
			name = Debug;
		};
		02E33683227A700F00647038 /* Release */ = {
			isa = XCBuildConfiguration;
			buildSettings = {
				ASSETCATALOG_COMPILER_APPICON_NAME = AppIcon;
				CODE_SIGN_STYLE = Automatic;
				DEVELOPMENT_TEAM = 9AAT6U7SLN;
				INFOPLIST_FILE = OnTheMap/Info.plist;
				LD_RUNPATH_SEARCH_PATHS = (
					"$(inherited)",
					"@executable_path/Frameworks",
				);
				PRODUCT_BUNDLE_IDENTIFIER = com.TAPS.OnTheMap;
				PRODUCT_NAME = "$(TARGET_NAME)";
				SWIFT_VERSION = 4.2;
				TARGETED_DEVICE_FAMILY = "1,2";
			};
			name = Release;
		};
/* End XCBuildConfiguration section */

/* Begin XCConfigurationList section */
		02E3366A227A700D00647038 /* Build configuration list for PBXProject "OnTheMap" */ = {
			isa = XCConfigurationList;
			buildConfigurations = (
				02E3367F227A700F00647038 /* Debug */,
				02E33680227A700F00647038 /* Release */,
			);
			defaultConfigurationIsVisible = 0;
			defaultConfigurationName = Release;
		};
		02E33681227A700F00647038 /* Build configuration list for PBXNativeTarget "OnTheMap" */ = {
			isa = XCConfigurationList;
			buildConfigurations = (
				02E33682227A700F00647038 /* Debug */,
				02E33683227A700F00647038 /* Release */,
			);
			defaultConfigurationIsVisible = 0;
			defaultConfigurationName = Release;
		};
/* End XCConfigurationList section */
	};
	rootObject = 02E33667227A700D00647038 /* Project object */;
}
